// !$*UTF8*$!
{
	archiveVersion = 1;
	classes = {
	};
	objectVersion = 56;
	objects = {

/* Begin PBXBuildFile section */
		CF1C8F342989183D00CEF906 /* Cosmic_WriterApp.swift in Sources */ = {isa = PBXBuildFile; fileRef = CF1C8F332989183D00CEF906 /* Cosmic_WriterApp.swift */; };
		CF1C8F362989183D00CEF906 /* Cosmic_WriterDocument.swift in Sources */ = {isa = PBXBuildFile; fileRef = CF1C8F352989183D00CEF906 /* Cosmic_WriterDocument.swift */; };
		CF1C8F382989183D00CEF906 /* ContentView.swift in Sources */ = {isa = PBXBuildFile; fileRef = CF1C8F372989183D00CEF906 /* ContentView.swift */; };
		CF1C8F3A2989183F00CEF906 /* Assets.xcassets in Resources */ = {isa = PBXBuildFile; fileRef = CF1C8F392989183F00CEF906 /* Assets.xcassets */; };
		CF1C8F3F2989183F00CEF906 /* Preview Assets.xcassets in Resources */ = {isa = PBXBuildFile; fileRef = CF1C8F3E2989183F00CEF906 /* Preview Assets.xcassets */; };
		CF70DD64298BBAD900235897 /* HighlightedTextEditor in Frameworks */ = {isa = PBXBuildFile; productRef = CF70DD63298BBAD900235897 /* HighlightedTextEditor */; };
		CF84EC8D2CFE45D60081E019 /* Helpers.swift in Sources */ = {isa = PBXBuildFile; fileRef = CF84EC8C2CFE45D40081E019 /* Helpers.swift */; };
		CF84EC912CFE46210081E019 /* PreviewView.swift in Sources */ = {isa = PBXBuildFile; fileRef = CF84EC902CFE461F0081E019 /* PreviewView.swift */; };
		CF84EC932CFE468D0081E019 /* EditorView.swift in Sources */ = {isa = PBXBuildFile; fileRef = CF84EC922CFE468B0081E019 /* EditorView.swift */; };
		CF84EC952CFE4A9A0081E019 /* MarkdownFormatter.swift in Sources */ = {isa = PBXBuildFile; fileRef = CF84EC942CFE4A980081E019 /* MarkdownFormatter.swift */; };
		CF981441298955E000E64BEB /* SettingsView.swift in Sources */ = {isa = PBXBuildFile; fileRef = CF981440298955E000E64BEB /* SettingsView.swift */; };
		CFB7ADA02CFEFA50007A5854 /* ToastView.swift in Sources */ = {isa = PBXBuildFile; fileRef = CFB7AD9F2CFEFA4A007A5854 /* ToastView.swift */; };
		CFB91BE62AEEA35100DAD153 /* CosmicSDK in Frameworks */ = {isa = PBXBuildFile; productRef = CFB91BE52AEEA35100DAD153 /* CosmicSDK */; };
		CFE33675298AD6DB00980014 /* MarkdownUI in Frameworks */ = {isa = PBXBuildFile; productRef = CFE33674298AD6DB00980014 /* MarkdownUI */; };
/* End PBXBuildFile section */

/* Begin PBXFileReference section */
		CF1C8F302989183D00CEF906 /* Cosmic Writer.app */ = {isa = PBXFileReference; explicitFileType = wrapper.application; includeInIndex = 0; path = "Cosmic Writer.app"; sourceTree = BUILT_PRODUCTS_DIR; };
		CF1C8F332989183D00CEF906 /* Cosmic_WriterApp.swift */ = {isa = PBXFileReference; lastKnownFileType = sourcecode.swift; path = Cosmic_WriterApp.swift; sourceTree = "<group>"; };
		CF1C8F352989183D00CEF906 /* Cosmic_WriterDocument.swift */ = {isa = PBXFileReference; lastKnownFileType = sourcecode.swift; path = Cosmic_WriterDocument.swift; sourceTree = "<group>"; };
		CF1C8F372989183D00CEF906 /* ContentView.swift */ = {isa = PBXFileReference; lastKnownFileType = sourcecode.swift; path = ContentView.swift; sourceTree = "<group>"; };
		CF1C8F392989183F00CEF906 /* Assets.xcassets */ = {isa = PBXFileReference; lastKnownFileType = folder.assetcatalog; path = Assets.xcassets; sourceTree = "<group>"; };
		CF1C8F3B2989183F00CEF906 /* Info.plist */ = {isa = PBXFileReference; lastKnownFileType = text.plist.xml; path = Info.plist; sourceTree = "<group>"; };
		CF1C8F3C2989183F00CEF906 /* Cosmic_Writer.entitlements */ = {isa = PBXFileReference; lastKnownFileType = text.plist.entitlements; path = Cosmic_Writer.entitlements; sourceTree = "<group>"; };
		CF1C8F3E2989183F00CEF906 /* Preview Assets.xcassets */ = {isa = PBXFileReference; lastKnownFileType = folder.assetcatalog; path = "Preview Assets.xcassets"; sourceTree = "<group>"; };
		CF84EC8C2CFE45D40081E019 /* Helpers.swift */ = {isa = PBXFileReference; lastKnownFileType = sourcecode.swift; path = Helpers.swift; sourceTree = "<group>"; };
		CF84EC902CFE461F0081E019 /* PreviewView.swift */ = {isa = PBXFileReference; lastKnownFileType = sourcecode.swift; path = PreviewView.swift; sourceTree = "<group>"; };
		CF84EC922CFE468B0081E019 /* EditorView.swift */ = {isa = PBXFileReference; lastKnownFileType = sourcecode.swift; path = EditorView.swift; sourceTree = "<group>"; };
		CF84EC942CFE4A980081E019 /* MarkdownFormatter.swift */ = {isa = PBXFileReference; lastKnownFileType = sourcecode.swift; path = MarkdownFormatter.swift; sourceTree = "<group>"; };
		CF981440298955E000E64BEB /* SettingsView.swift */ = {isa = PBXFileReference; lastKnownFileType = sourcecode.swift; path = SettingsView.swift; sourceTree = "<group>"; };
		CFB7AD9F2CFEFA4A007A5854 /* ToastView.swift */ = {isa = PBXFileReference; lastKnownFileType = sourcecode.swift; path = ToastView.swift; sourceTree = "<group>"; };
/* End PBXFileReference section */

/* Begin PBXFrameworksBuildPhase section */
		CF1C8F2D2989183D00CEF906 /* Frameworks */ = {
			isa = PBXFrameworksBuildPhase;
			buildActionMask = 2147483647;
			files = (
				CF70DD64298BBAD900235897 /* HighlightedTextEditor in Frameworks */,
				CFB91BE62AEEA35100DAD153 /* CosmicSDK in Frameworks */,
				CFE33675298AD6DB00980014 /* MarkdownUI in Frameworks */,
			);
			runOnlyForDeploymentPostprocessing = 0;
		};
/* End PBXFrameworksBuildPhase section */

/* Begin PBXGroup section */
		CF1C8F272989183D00CEF906 = {
			isa = PBXGroup;
			children = (
				CF1C8F322989183D00CEF906 /* Cosmic Writer */,
				CF1C8F312989183D00CEF906 /* Products */,
			);
			sourceTree = "<group>";
		};
		CF1C8F312989183D00CEF906 /* Products */ = {
			isa = PBXGroup;
			children = (
				CF1C8F302989183D00CEF906 /* Cosmic Writer.app */,
			);
			name = Products;
			sourceTree = "<group>";
		};
		CF1C8F322989183D00CEF906 /* Cosmic Writer */ = {
			isa = PBXGroup;
			children = (
				CF1C8F332989183D00CEF906 /* Cosmic_WriterApp.swift */,
				CF1C8F352989183D00CEF906 /* Cosmic_WriterDocument.swift */,
				CF981434298919CA00E64BEB /* Views */,
				CF98143B29894B3500E64BEB /* Helpers */,
				CF1C8F392989183F00CEF906 /* Assets.xcassets */,
				CF1C8F3B2989183F00CEF906 /* Info.plist */,
				CF1C8F3C2989183F00CEF906 /* Cosmic_Writer.entitlements */,
				CF1C8F3D2989183F00CEF906 /* Preview Content */,
			);
			path = "Cosmic Writer";
			sourceTree = "<group>";
		};
		CF1C8F3D2989183F00CEF906 /* Preview Content */ = {
			isa = PBXGroup;
			children = (
				CF1C8F3E2989183F00CEF906 /* Preview Assets.xcassets */,
			);
			path = "Preview Content";
			sourceTree = "<group>";
		};
		CF981434298919CA00E64BEB /* Views */ = {
			isa = PBXGroup;
			children = (
				CFB7AD9F2CFEFA4A007A5854 /* ToastView.swift */,
				CF84EC942CFE4A980081E019 /* MarkdownFormatter.swift */,
				CF84EC922CFE468B0081E019 /* EditorView.swift */,
				CF84EC902CFE461F0081E019 /* PreviewView.swift */,
				CF1C8F372989183D00CEF906 /* ContentView.swift */,
				CF981440298955E000E64BEB /* SettingsView.swift */,
			);
			path = Views;
			sourceTree = "<group>";
		};
		CF98143B29894B3500E64BEB /* Helpers */ = {
			isa = PBXGroup;
			children = (
				CF84EC8C2CFE45D40081E019 /* Helpers.swift */,
			);
			path = Helpers;
			sourceTree = "<group>";
		};
/* End PBXGroup section */

/* Begin PBXNativeTarget section */
		CF1C8F2F2989183D00CEF906 /* Cosmic Writer */ = {
			isa = PBXNativeTarget;
			buildConfigurationList = CF1C8F422989183F00CEF906 /* Build configuration list for PBXNativeTarget "Cosmic Writer" */;
			buildPhases = (
				CF1C8F2C2989183D00CEF906 /* Sources */,
				CF1C8F2D2989183D00CEF906 /* Frameworks */,
				CF1C8F2E2989183D00CEF906 /* Resources */,
			);
			buildRules = (
			);
			dependencies = (
			);
			name = "Cosmic Writer";
			packageProductDependencies = (
				CFE33674298AD6DB00980014 /* MarkdownUI */,
				CF70DD63298BBAD900235897 /* HighlightedTextEditor */,
				CFB91BE52AEEA35100DAD153 /* CosmicSDK */,
			);
			productName = "Cosmic Writer";
			productReference = CF1C8F302989183D00CEF906 /* Cosmic Writer.app */;
			productType = "com.apple.product-type.application";
		};
/* End PBXNativeTarget section */

/* Begin PBXProject section */
		CF1C8F282989183D00CEF906 /* Project object */ = {
			isa = PBXProject;
			attributes = {
				BuildIndependentTargetsInParallel = 1;
				LastSwiftUpdateCheck = 1420;
				LastUpgradeCheck = 1600;
				TargetAttributes = {
					CF1C8F2F2989183D00CEF906 = {
						CreatedOnToolsVersion = 14.2;
					};
				};
			};
			buildConfigurationList = CF1C8F2B2989183D00CEF906 /* Build configuration list for PBXProject "Cosmic Writer" */;
			compatibilityVersion = "Xcode 14.0";
			developmentRegion = en;
			hasScannedForEncodings = 0;
			knownRegions = (
				en,
				Base,
			);
			mainGroup = CF1C8F272989183D00CEF906;
			packageReferences = (
				CFE33673298AD6DB00980014 /* XCRemoteSwiftPackageReference "swift-markdown-ui" */,
				CF70DD62298BBAD900235897 /* XCRemoteSwiftPackageReference "HighlightedTextEditor" */,
				CFB91BE42AEEA35100DAD153 /* XCRemoteSwiftPackageReference "CosmicSDKSwift" */,
			);
			productRefGroup = CF1C8F312989183D00CEF906 /* Products */;
			projectDirPath = "";
			projectRoot = "";
			targets = (
				CF1C8F2F2989183D00CEF906 /* Cosmic Writer */,
			);
		};
/* End PBXProject section */

/* Begin PBXResourcesBuildPhase section */
		CF1C8F2E2989183D00CEF906 /* Resources */ = {
			isa = PBXResourcesBuildPhase;
			buildActionMask = 2147483647;
			files = (
				CF1C8F3F2989183F00CEF906 /* Preview Assets.xcassets in Resources */,
				CF1C8F3A2989183F00CEF906 /* Assets.xcassets in Resources */,
			);
			runOnlyForDeploymentPostprocessing = 0;
		};
/* End PBXResourcesBuildPhase section */

/* Begin PBXSourcesBuildPhase section */
		CF1C8F2C2989183D00CEF906 /* Sources */ = {
			isa = PBXSourcesBuildPhase;
			buildActionMask = 2147483647;
			files = (
				CF84EC932CFE468D0081E019 /* EditorView.swift in Sources */,
				CF1C8F342989183D00CEF906 /* Cosmic_WriterApp.swift in Sources */,
				CF84EC912CFE46210081E019 /* PreviewView.swift in Sources */,
				CF84EC8D2CFE45D60081E019 /* Helpers.swift in Sources */,
				CF1C8F362989183D00CEF906 /* Cosmic_WriterDocument.swift in Sources */,
				CF981441298955E000E64BEB /* SettingsView.swift in Sources */,
				CF1C8F382989183D00CEF906 /* ContentView.swift in Sources */,
				CFB7ADA02CFEFA50007A5854 /* ToastView.swift in Sources */,
				CF84EC952CFE4A9A0081E019 /* MarkdownFormatter.swift in Sources */,
			);
			runOnlyForDeploymentPostprocessing = 0;
		};
/* End PBXSourcesBuildPhase section */

/* Begin XCBuildConfiguration section */
		CF1C8F402989183F00CEF906 /* Debug */ = {
			isa = XCBuildConfiguration;
			buildSettings = {
				ALWAYS_SEARCH_USER_PATHS = NO;
				ASSETCATALOG_COMPILER_GENERATE_SWIFT_ASSET_SYMBOL_EXTENSIONS = YES;
				CLANG_ANALYZER_NONNULL = YES;
				CLANG_ANALYZER_NUMBER_OBJECT_CONVERSION = YES_AGGRESSIVE;
				CLANG_CXX_LANGUAGE_STANDARD = "gnu++20";
				CLANG_ENABLE_MODULES = YES;
				CLANG_ENABLE_OBJC_ARC = YES;
				CLANG_ENABLE_OBJC_WEAK = YES;
				CLANG_WARN_BLOCK_CAPTURE_AUTORELEASING = YES;
				CLANG_WARN_BOOL_CONVERSION = YES;
				CLANG_WARN_COMMA = YES;
				CLANG_WARN_CONSTANT_CONVERSION = YES;
				CLANG_WARN_DEPRECATED_OBJC_IMPLEMENTATIONS = YES;
				CLANG_WARN_DIRECT_OBJC_ISA_USAGE = YES_ERROR;
				CLANG_WARN_DOCUMENTATION_COMMENTS = YES;
				CLANG_WARN_EMPTY_BODY = YES;
				CLANG_WARN_ENUM_CONVERSION = YES;
				CLANG_WARN_INFINITE_RECURSION = YES;
				CLANG_WARN_INT_CONVERSION = YES;
				CLANG_WARN_NON_LITERAL_NULL_CONVERSION = YES;
				CLANG_WARN_OBJC_IMPLICIT_RETAIN_SELF = YES;
				CLANG_WARN_OBJC_LITERAL_CONVERSION = YES;
				CLANG_WARN_OBJC_ROOT_CLASS = YES_ERROR;
				CLANG_WARN_QUOTED_INCLUDE_IN_FRAMEWORK_HEADER = YES;
				CLANG_WARN_RANGE_LOOP_ANALYSIS = YES;
				CLANG_WARN_STRICT_PROTOTYPES = YES;
				CLANG_WARN_SUSPICIOUS_MOVE = YES;
				CLANG_WARN_UNGUARDED_AVAILABILITY = YES_AGGRESSIVE;
				CLANG_WARN_UNREACHABLE_CODE = YES;
				CLANG_WARN__DUPLICATE_METHOD_MATCH = YES;
				COPY_PHASE_STRIP = NO;
				DEAD_CODE_STRIPPING = YES;
				DEBUG_INFORMATION_FORMAT = dwarf;
				ENABLE_STRICT_OBJC_MSGSEND = YES;
				ENABLE_TESTABILITY = YES;
				ENABLE_USER_SCRIPT_SANDBOXING = YES;
				GCC_C_LANGUAGE_STANDARD = gnu11;
				GCC_DYNAMIC_NO_PIC = NO;
				GCC_NO_COMMON_BLOCKS = YES;
				GCC_OPTIMIZATION_LEVEL = 0;
				GCC_PREPROCESSOR_DEFINITIONS = (
					"DEBUG=1",
					"$(inherited)",
				);
				GCC_WARN_64_TO_32_BIT_CONVERSION = YES;
				GCC_WARN_ABOUT_RETURN_TYPE = YES_ERROR;
				GCC_WARN_UNDECLARED_SELECTOR = YES;
				GCC_WARN_UNINITIALIZED_AUTOS = YES_AGGRESSIVE;
				GCC_WARN_UNUSED_FUNCTION = YES;
				GCC_WARN_UNUSED_VARIABLE = YES;
				MTL_ENABLE_DEBUG_INFO = INCLUDE_SOURCE;
				MTL_FAST_MATH = YES;
				ONLY_ACTIVE_ARCH = YES;
				SWIFT_ACTIVE_COMPILATION_CONDITIONS = DEBUG;
				SWIFT_OPTIMIZATION_LEVEL = "-Onone";
			};
			name = Debug;
		};
		CF1C8F412989183F00CEF906 /* Release */ = {
			isa = XCBuildConfiguration;
			buildSettings = {
				ALWAYS_SEARCH_USER_PATHS = NO;
				ASSETCATALOG_COMPILER_GENERATE_SWIFT_ASSET_SYMBOL_EXTENSIONS = YES;
				CLANG_ANALYZER_NONNULL = YES;
				CLANG_ANALYZER_NUMBER_OBJECT_CONVERSION = YES_AGGRESSIVE;
				CLANG_CXX_LANGUAGE_STANDARD = "gnu++20";
				CLANG_ENABLE_MODULES = YES;
				CLANG_ENABLE_OBJC_ARC = YES;
				CLANG_ENABLE_OBJC_WEAK = YES;
				CLANG_WARN_BLOCK_CAPTURE_AUTORELEASING = YES;
				CLANG_WARN_BOOL_CONVERSION = YES;
				CLANG_WARN_COMMA = YES;
				CLANG_WARN_CONSTANT_CONVERSION = YES;
				CLANG_WARN_DEPRECATED_OBJC_IMPLEMENTATIONS = YES;
				CLANG_WARN_DIRECT_OBJC_ISA_USAGE = YES_ERROR;
				CLANG_WARN_DOCUMENTATION_COMMENTS = YES;
				CLANG_WARN_EMPTY_BODY = YES;
				CLANG_WARN_ENUM_CONVERSION = YES;
				CLANG_WARN_INFINITE_RECURSION = YES;
				CLANG_WARN_INT_CONVERSION = YES;
				CLANG_WARN_NON_LITERAL_NULL_CONVERSION = YES;
				CLANG_WARN_OBJC_IMPLICIT_RETAIN_SELF = YES;
				CLANG_WARN_OBJC_LITERAL_CONVERSION = YES;
				CLANG_WARN_OBJC_ROOT_CLASS = YES_ERROR;
				CLANG_WARN_QUOTED_INCLUDE_IN_FRAMEWORK_HEADER = YES;
				CLANG_WARN_RANGE_LOOP_ANALYSIS = YES;
				CLANG_WARN_STRICT_PROTOTYPES = YES;
				CLANG_WARN_SUSPICIOUS_MOVE = YES;
				CLANG_WARN_UNGUARDED_AVAILABILITY = YES_AGGRESSIVE;
				CLANG_WARN_UNREACHABLE_CODE = YES;
				CLANG_WARN__DUPLICATE_METHOD_MATCH = YES;
				COPY_PHASE_STRIP = NO;
				DEAD_CODE_STRIPPING = YES;
				DEBUG_INFORMATION_FORMAT = "dwarf-with-dsym";
				ENABLE_NS_ASSERTIONS = NO;
				ENABLE_STRICT_OBJC_MSGSEND = YES;
				ENABLE_USER_SCRIPT_SANDBOXING = YES;
				GCC_C_LANGUAGE_STANDARD = gnu11;
				GCC_NO_COMMON_BLOCKS = YES;
				GCC_WARN_64_TO_32_BIT_CONVERSION = YES;
				GCC_WARN_ABOUT_RETURN_TYPE = YES_ERROR;
				GCC_WARN_UNDECLARED_SELECTOR = YES;
				GCC_WARN_UNINITIALIZED_AUTOS = YES_AGGRESSIVE;
				GCC_WARN_UNUSED_FUNCTION = YES;
				GCC_WARN_UNUSED_VARIABLE = YES;
				MTL_ENABLE_DEBUG_INFO = NO;
				MTL_FAST_MATH = YES;
				SWIFT_COMPILATION_MODE = wholemodule;
				SWIFT_OPTIMIZATION_LEVEL = "-O";
			};
			name = Release;
		};
		CF1C8F432989183F00CEF906 /* Debug */ = {
			isa = XCBuildConfiguration;
			buildSettings = {
				ASSETCATALOG_COMPILER_APPICON_NAME = AppIcon;
				ASSETCATALOG_COMPILER_GLOBAL_ACCENT_COLOR_NAME = AccentColor;
				ASSETCATALOG_COMPILER_INCLUDE_ALL_APPICON_ASSETS = YES;
				CODE_SIGN_ENTITLEMENTS = "Cosmic Writer/Cosmic_Writer.entitlements";
				CODE_SIGN_STYLE = Automatic;
				CURRENT_PROJECT_VERSION = 1;
				DEAD_CODE_STRIPPING = YES;
				DEVELOPMENT_ASSET_PATHS = "\"Cosmic Writer/Preview Content\"";
				DEVELOPMENT_TEAM = WMGJ7B26TT;
				ENABLE_HARDENED_RUNTIME = YES;
				ENABLE_PREVIEWS = YES;
				GENERATE_INFOPLIST_FILE = YES;
				INFOPLIST_FILE = "Cosmic Writer/Info.plist";
				INFOPLIST_KEY_CFBundleDisplayName = Writer;
				INFOPLIST_KEY_LSApplicationCategoryType = "public.app-category.productivity";
				"INFOPLIST_KEY_UIApplicationSceneManifest_Generation[sdk=iphoneos*]" = YES;
				"INFOPLIST_KEY_UIApplicationSceneManifest_Generation[sdk=iphonesimulator*]" = YES;
				"INFOPLIST_KEY_UIApplicationSupportsIndirectInputEvents[sdk=iphoneos*]" = YES;
				"INFOPLIST_KEY_UIApplicationSupportsIndirectInputEvents[sdk=iphonesimulator*]" = YES;
				"INFOPLIST_KEY_UILaunchScreen_Generation[sdk=iphoneos*]" = YES;
				"INFOPLIST_KEY_UILaunchScreen_Generation[sdk=iphonesimulator*]" = YES;
				"INFOPLIST_KEY_UIStatusBarStyle[sdk=iphoneos*]" = UIStatusBarStyleDefault;
				"INFOPLIST_KEY_UIStatusBarStyle[sdk=iphonesimulator*]" = UIStatusBarStyleDefault;
				INFOPLIST_KEY_UISupportedInterfaceOrientations_iPad = "UIInterfaceOrientationPortrait UIInterfaceOrientationPortraitUpsideDown UIInterfaceOrientationLandscapeLeft UIInterfaceOrientationLandscapeRight";
				INFOPLIST_KEY_UISupportedInterfaceOrientations_iPhone = "UIInterfaceOrientationPortrait UIInterfaceOrientationLandscapeLeft UIInterfaceOrientationLandscapeRight";
				"INFOPLIST_KEY_UISupportsDocumentBrowser[sdk=iphoneos*]" = YES;
				"INFOPLIST_KEY_UISupportsDocumentBrowser[sdk=iphonesimulator*]" = YES;
				IPHONEOS_DEPLOYMENT_TARGET = 18.0;
				LD_RUNPATH_SEARCH_PATHS = "@executable_path/Frameworks";
				"LD_RUNPATH_SEARCH_PATHS[sdk=macosx*]" = "@executable_path/../Frameworks";
				MACOSX_DEPLOYMENT_TARGET = 15.0;
				MARKETING_VERSION = 1.0;
				PRODUCT_BUNDLE_IDENTIFIER = "com.kejk.Cosmic-Writer";
				PRODUCT_NAME = "$(TARGET_NAME)";
				REGISTER_APP_GROUPS = NO;
				SDKROOT = auto;
				SUPPORTED_PLATFORMS = "iphoneos iphonesimulator macosx";
				SUPPORTS_MACCATALYST = NO;
				SUPPORTS_MAC_DESIGNED_FOR_IPHONE_IPAD = NO;
				SWIFT_EMIT_LOC_STRINGS = YES;
				SWIFT_VERSION = 5.0;
				TARGETED_DEVICE_FAMILY = "1,2,6";
			};
			name = Debug;
		};
		CF1C8F442989183F00CEF906 /* Release */ = {
			isa = XCBuildConfiguration;
			buildSettings = {
				ASSETCATALOG_COMPILER_APPICON_NAME = AppIcon;
				ASSETCATALOG_COMPILER_GLOBAL_ACCENT_COLOR_NAME = AccentColor;
				ASSETCATALOG_COMPILER_INCLUDE_ALL_APPICON_ASSETS = YES;
				CODE_SIGN_ENTITLEMENTS = "Cosmic Writer/Cosmic_Writer.entitlements";
				CODE_SIGN_STYLE = Automatic;
				CURRENT_PROJECT_VERSION = 1;
				DEAD_CODE_STRIPPING = YES;
				DEVELOPMENT_ASSET_PATHS = "\"Cosmic Writer/Preview Content\"";
				DEVELOPMENT_TEAM = WMGJ7B26TT;
				ENABLE_HARDENED_RUNTIME = YES;
				ENABLE_PREVIEWS = YES;
				GENERATE_INFOPLIST_FILE = YES;
				INFOPLIST_FILE = "Cosmic Writer/Info.plist";
				INFOPLIST_KEY_CFBundleDisplayName = Writer;
				INFOPLIST_KEY_LSApplicationCategoryType = "public.app-category.productivity";
				"INFOPLIST_KEY_UIApplicationSceneManifest_Generation[sdk=iphoneos*]" = YES;
				"INFOPLIST_KEY_UIApplicationSceneManifest_Generation[sdk=iphonesimulator*]" = YES;
				"INFOPLIST_KEY_UIApplicationSupportsIndirectInputEvents[sdk=iphoneos*]" = YES;
				"INFOPLIST_KEY_UIApplicationSupportsIndirectInputEvents[sdk=iphonesimulator*]" = YES;
				"INFOPLIST_KEY_UILaunchScreen_Generation[sdk=iphoneos*]" = YES;
				"INFOPLIST_KEY_UILaunchScreen_Generation[sdk=iphonesimulator*]" = YES;
				"INFOPLIST_KEY_UIStatusBarStyle[sdk=iphoneos*]" = UIStatusBarStyleDefault;
				"INFOPLIST_KEY_UIStatusBarStyle[sdk=iphonesimulator*]" = UIStatusBarStyleDefault;
				INFOPLIST_KEY_UISupportedInterfaceOrientations_iPad = "UIInterfaceOrientationPortrait UIInterfaceOrientationPortraitUpsideDown UIInterfaceOrientationLandscapeLeft UIInterfaceOrientationLandscapeRight";
				INFOPLIST_KEY_UISupportedInterfaceOrientations_iPhone = "UIInterfaceOrientationPortrait UIInterfaceOrientationLandscapeLeft UIInterfaceOrientationLandscapeRight";
				"INFOPLIST_KEY_UISupportsDocumentBrowser[sdk=iphoneos*]" = YES;
				"INFOPLIST_KEY_UISupportsDocumentBrowser[sdk=iphonesimulator*]" = YES;
				IPHONEOS_DEPLOYMENT_TARGET = 18.0;
				LD_RUNPATH_SEARCH_PATHS = "@executable_path/Frameworks";
				"LD_RUNPATH_SEARCH_PATHS[sdk=macosx*]" = "@executable_path/../Frameworks";
				MACOSX_DEPLOYMENT_TARGET = 15.0;
				MARKETING_VERSION = 1.0;
				PRODUCT_BUNDLE_IDENTIFIER = "com.kejk.Cosmic-Writer";
				PRODUCT_NAME = "$(TARGET_NAME)";
				REGISTER_APP_GROUPS = NO;
				SDKROOT = auto;
				SUPPORTED_PLATFORMS = "iphoneos iphonesimulator macosx";
				SUPPORTS_MACCATALYST = NO;
				SUPPORTS_MAC_DESIGNED_FOR_IPHONE_IPAD = NO;
				SWIFT_EMIT_LOC_STRINGS = YES;
				SWIFT_VERSION = 5.0;
				TARGETED_DEVICE_FAMILY = "1,2,6";
			};
			name = Release;
		};
/* End XCBuildConfiguration section */

/* Begin XCConfigurationList section */
		CF1C8F2B2989183D00CEF906 /* Build configuration list for PBXProject "Cosmic Writer" */ = {
			isa = XCConfigurationList;
			buildConfigurations = (
				CF1C8F402989183F00CEF906 /* Debug */,
				CF1C8F412989183F00CEF906 /* Release */,
			);
			defaultConfigurationIsVisible = 0;
			defaultConfigurationName = Release;
		};
		CF1C8F422989183F00CEF906 /* Build configuration list for PBXNativeTarget "Cosmic Writer" */ = {
			isa = XCConfigurationList;
			buildConfigurations = (
				CF1C8F432989183F00CEF906 /* Debug */,
				CF1C8F442989183F00CEF906 /* Release */,
			);
			defaultConfigurationIsVisible = 0;
			defaultConfigurationName = Release;
		};
/* End XCConfigurationList section */

/* Begin XCRemoteSwiftPackageReference section */
		CF70DD62298BBAD900235897 /* XCRemoteSwiftPackageReference "HighlightedTextEditor" */ = {
			isa = XCRemoteSwiftPackageReference;
			repositoryURL = "https://github.com/kyle-n/HighlightedTextEditor";
			requirement = {
				kind = upToNextMajorVersion;
				minimumVersion = 2.0.0;
			};
		};
		CFB91BE42AEEA35100DAD153 /* XCRemoteSwiftPackageReference "CosmicSDKSwift" */ = {
			isa = XCRemoteSwiftPackageReference;
			repositoryURL = "https://github.com/cosmicjs/CosmicSDKSwift";
			requirement = {
				branch = main;
				kind = branch;
			};
		};
		CFE33673298AD6DB00980014 /* XCRemoteSwiftPackageReference "swift-markdown-ui" */ = {
			isa = XCRemoteSwiftPackageReference;
			repositoryURL = "https://github.com/gonzalezreal/swift-markdown-ui";
			requirement = {
				kind = upToNextMajorVersion;
				minimumVersion = 2.0.0;
			};
		};
/* End XCRemoteSwiftPackageReference section */

/* Begin XCSwiftPackageProductDependency section */
		CF70DD63298BBAD900235897 /* HighlightedTextEditor */ = {
			isa = XCSwiftPackageProductDependency;
			package = CF70DD62298BBAD900235897 /* XCRemoteSwiftPackageReference "HighlightedTextEditor" */;
			productName = HighlightedTextEditor;
		};
		CFB91BE52AEEA35100DAD153 /* CosmicSDK */ = {
			isa = XCSwiftPackageProductDependency;
			package = CFB91BE42AEEA35100DAD153 /* XCRemoteSwiftPackageReference "CosmicSDKSwift" */;
			productName = CosmicSDK;
		};
		CFE33674298AD6DB00980014 /* MarkdownUI */ = {
			isa = XCSwiftPackageProductDependency;
			package = CFE33673298AD6DB00980014 /* XCRemoteSwiftPackageReference "swift-markdown-ui" */;
			productName = MarkdownUI;
		};
/* End XCSwiftPackageProductDependency section */
	};
	rootObject = CF1C8F282989183D00CEF906 /* Project object */;
}
